// !$*UTF8*$!
{
	archiveVersion = 1;
	classes = {
	};
	objectVersion = 77;
	objects = {

/* Begin PBXAggregateTarget section */
		CDB577CC2F00306600B464DC /* SwiftFormat */ = {
			isa = PBXAggregateTarget;
			buildConfigurationList = CDB577CD2F00306600B464DC /* Build configuration list for PBXAggregateTarget "SwiftFormat" */;
			buildPhases = (
				CDB577D02F00307000B464DC /* ShellScript */,
			);
			dependencies = (
			);
			name = SwiftFormat;
			packageProductDependencies = (
			);
			productName = SwiftFormat;
		};
		CDE8F2402EF61F7F00134692 /* Periphery */ = {
			isa = PBXAggregateTarget;
			buildConfigurationList = CDE8F2422EF61F7F00134692 /* Build configuration list for PBXAggregateTarget "Periphery" */;
			buildPhases = (
				CDE8F2412EF61F7F00134692 /* Run Periphery */,
			);
			dependencies = (
			);
			name = Periphery;
			productName = periphery;
		};
/* End PBXAggregateTarget section */

/* Begin PBXBuildFile section */
		CDE8F3082EF7978900134692 /* Lottie in Frameworks */ = {isa = PBXBuildFile; productRef = CDE8F2342EF61F7F00134692 /* Lottie */; };
		EB767CEEDB0B47F58A3BA964 /* SnapshotTesting in Frameworks */ = {isa = PBXBuildFile; productRef = EB767CEDDB0B47F58A3BA963 /* SnapshotTesting */; };
/* End PBXBuildFile section */

/* Begin PBXContainerItemProxy section */
		CDE8F2172EF61F7F00134692 /* PBXContainerItemProxy */ = {
			isa = PBXContainerItemProxy;
			containerPortal = CDE8F2002EF61F7E00134692 /* Project object */;
			proxyType = 1;
			remoteGlobalIDString = CDE8F2072EF61F7E00134692;
			remoteInfo = NQueens;
		};
		CDE8F2212EF61F7F00134692 /* PBXContainerItemProxy */ = {
			isa = PBXContainerItemProxy;
			containerPortal = CDE8F2002EF61F7E00134692 /* Project object */;
			proxyType = 1;
			remoteGlobalIDString = CDE8F2072EF61F7E00134692;
			remoteInfo = NQueens;
		};
/* End PBXContainerItemProxy section */

/* Begin PBXFileReference section */
		CD79C0D92EF7A19B00C323E1 /* NQueensTestplan.xctestplan */ = {isa = PBXFileReference; lastKnownFileType = text; path = NQueensTestplan.xctestplan; sourceTree = "<group>"; };
		CDE8F2082EF61F7E00134692 /* NQueens.app */ = {isa = PBXFileReference; explicitFileType = wrapper.application; includeInIndex = 0; path = NQueens.app; sourceTree = BUILT_PRODUCTS_DIR; };
		CDE8F2162EF61F7F00134692 /* NQueensTests.xctest */ = {isa = PBXFileReference; explicitFileType = wrapper.cfbundle; includeInIndex = 0; path = NQueensTests.xctest; sourceTree = BUILT_PRODUCTS_DIR; };
		CDE8F2202EF61F7F00134692 /* NQueensUITests.xctest */ = {isa = PBXFileReference; explicitFileType = wrapper.cfbundle; includeInIndex = 0; path = NQueensUITests.xctest; sourceTree = BUILT_PRODUCTS_DIR; };
/* End PBXFileReference section */

/* Begin PBXFileSystemSynchronizedBuildFileExceptionSet section */
		CD838A4D2F0009AB00648D40 /* Exceptions for "NQueens" folder in "NQueensUITests" target */ = {
			isa = PBXFileSystemSynchronizedBuildFileExceptionSet;
			membershipExceptions = (
				"Extensions/String+NQueens.swift",
				Resources/L10n/L10n.swift,
			);
			target = CDE8F21F2EF61F7F00134692 /* NQueensUITests */;
		};
/* End PBXFileSystemSynchronizedBuildFileExceptionSet section */

/* Begin PBXFileSystemSynchronizedRootGroup section */
		CDE8F20A2EF61F7E00134692 /* NQueens */ = {
			isa = PBXFileSystemSynchronizedRootGroup;
			exceptions = (
				CD838A4D2F0009AB00648D40 /* Exceptions for "NQueens" folder in "NQueensUITests" target */,
			);
			path = NQueens;
			sourceTree = "<group>";
		};
		CDE8F2192EF61F7F00134692 /* NQueensTests */ = {
			isa = PBXFileSystemSynchronizedRootGroup;
			path = NQueensTests;
			sourceTree = "<group>";
		};
		CDE8F2232EF61F7F00134692 /* NQueensUITests */ = {
			isa = PBXFileSystemSynchronizedRootGroup;
			path = NQueensUITests;
			sourceTree = "<group>";
		};
/* End PBXFileSystemSynchronizedRootGroup section */

/* Begin PBXFrameworksBuildPhase section */
		CDE8F2052EF61F7E00134692 /* Frameworks */ = {
			isa = PBXFrameworksBuildPhase;
			buildActionMask = 2147483647;
			files = (
				CDE8F3082EF7978900134692 /* Lottie in Frameworks */,
			);
			runOnlyForDeploymentPostprocessing = 0;
		};
		CDE8F2132EF61F7F00134692 /* Frameworks */ = {
			isa = PBXFrameworksBuildPhase;
			buildActionMask = 2147483647;
			files = (
				EB767CEEDB0B47F58A3BA964 /* SnapshotTesting in Frameworks */,
			);
			runOnlyForDeploymentPostprocessing = 0;
		};
		CDE8F21D2EF61F7F00134692 /* Frameworks */ = {
			isa = PBXFrameworksBuildPhase;
			buildActionMask = 2147483647;
			files = (
			);
			runOnlyForDeploymentPostprocessing = 0;
		};
/* End PBXFrameworksBuildPhase section */

/* Begin PBXGroup section */
		CDE8F1FF2EF61F7E00134692 = {
			isa = PBXGroup;
			children = (
				CDE8F20A2EF61F7E00134692 /* NQueens */,
				CDE8F2192EF61F7F00134692 /* NQueensTests */,
				CDE8F2232EF61F7F00134692 /* NQueensUITests */,
				CD79C0D92EF7A19B00C323E1 /* NQueensTestplan.xctestplan */,
				CDE8F2092EF61F7E00134692 /* Products */,
			);
			sourceTree = "<group>";
		};
		CDE8F2092EF61F7E00134692 /* Products */ = {
			isa = PBXGroup;
			children = (
				CDE8F2082EF61F7E00134692 /* NQueens.app */,
				CDE8F2162EF61F7F00134692 /* NQueensTests.xctest */,
				CDE8F2202EF61F7F00134692 /* NQueensUITests.xctest */,
			);
			name = Products;
			sourceTree = "<group>";
		};
/* End PBXGroup section */

/* Begin PBXNativeTarget section */
		CDE8F2072EF61F7E00134692 /* NQueens */ = {
			isa = PBXNativeTarget;
			buildConfigurationList = CDE8F22A2EF61F7F00134692 /* Build configuration list for PBXNativeTarget "NQueens" */;
			buildPhases = (
				CDE8F2042EF61F7E00134692 /* Sources */,
				CDE8F2052EF61F7E00134692 /* Frameworks */,
				CDE8F2062EF61F7E00134692 /* Resources */,
				CDB578552F0036A800B464DC /* ShellScript */,
			);
			buildRules = (
			);
			dependencies = (
			);
			fileSystemSynchronizedGroups = (
				CDE8F20A2EF61F7E00134692 /* NQueens */,
			);
			name = NQueens;
			packageProductDependencies = (
				CDE8F2342EF61F7F00134692 /* Lottie */,
			);
			productName = NQueens;
			productReference = CDE8F2082EF61F7E00134692 /* NQueens.app */;
			productType = "com.apple.product-type.application";
		};
		CDE8F2152EF61F7F00134692 /* NQueensTests */ = {
			isa = PBXNativeTarget;
			buildConfigurationList = CDE8F22D2EF61F7F00134692 /* Build configuration list for PBXNativeTarget "NQueensTests" */;
			buildPhases = (
				CDE8F2122EF61F7F00134692 /* Sources */,
				CDE8F2132EF61F7F00134692 /* Frameworks */,
				CDE8F2142EF61F7F00134692 /* Resources */,
			);
			buildRules = (
			);
			dependencies = (
				CDE8F2182EF61F7F00134692 /* PBXTargetDependency */,
			);
			fileSystemSynchronizedGroups = (
				CDE8F2192EF61F7F00134692 /* NQueensTests */,
			);
			name = NQueensTests;
			packageProductDependencies = (
				EB767CEDDB0B47F58A3BA963 /* SnapshotTesting */,
			);
			productName = NQueensTests;
			productReference = CDE8F2162EF61F7F00134692 /* NQueensTests.xctest */;
			productType = "com.apple.product-type.bundle.unit-test";
		};
		CDE8F21F2EF61F7F00134692 /* NQueensUITests */ = {
			isa = PBXNativeTarget;
			buildConfigurationList = CDE8F2302EF61F7F00134692 /* Build configuration list for PBXNativeTarget "NQueensUITests" */;
			buildPhases = (
				CDE8F21C2EF61F7F00134692 /* Sources */,
				CDE8F21D2EF61F7F00134692 /* Frameworks */,
				CDE8F21E2EF61F7F00134692 /* Resources */,
			);
			buildRules = (
			);
			dependencies = (
				CDE8F2222EF61F7F00134692 /* PBXTargetDependency */,
			);
			fileSystemSynchronizedGroups = (
				CDE8F2232EF61F7F00134692 /* NQueensUITests */,
			);
			name = NQueensUITests;
			packageProductDependencies = (
			);
			productName = NQueensUITests;
			productReference = CDE8F2202EF61F7F00134692 /* NQueensUITests.xctest */;
			productType = "com.apple.product-type.bundle.ui-testing";
		};
/* End PBXNativeTarget section */

/* Begin PBXProject section */
		CDE8F2002EF61F7E00134692 /* Project object */ = {
			isa = PBXProject;
			attributes = {
				BuildIndependentTargetsInParallel = 1;
				LastSwiftUpdateCheck = 1640;
				LastUpgradeCheck = 2600;
				TargetAttributes = {
					CDB577CC2F00306600B464DC = {
						CreatedOnToolsVersion = 16.4;
					};
					CDE8F2072EF61F7E00134692 = {
						CreatedOnToolsVersion = 16.4;
					};
					CDE8F2152EF61F7F00134692 = {
						CreatedOnToolsVersion = 16.4;
						TestTargetID = CDE8F2072EF61F7E00134692;
					};
					CDE8F21F2EF61F7F00134692 = {
						CreatedOnToolsVersion = 16.4;
						TestTargetID = CDE8F2072EF61F7E00134692;
					};
					CDE8F2402EF61F7F00134692 = {
						CreatedOnToolsVersion = 16.4;
					};
				};
			};
			buildConfigurationList = CDE8F2032EF61F7E00134692 /* Build configuration list for PBXProject "NQueens" */;
			developmentRegion = en;
			hasScannedForEncodings = 0;
			knownRegions = (
				en,
				Base,
				es,
			);
			mainGroup = CDE8F1FF2EF61F7E00134692;
			minimizedProjectReferenceProxies = 1;
			packageReferences = (
				CDE8F2332EF61F7F00134692 /* XCRemoteSwiftPackageReference "lottie-ios" */,
				EB767CECDB0B47F58A3BA962 /* XCRemoteSwiftPackageReference "swift-snapshot-testing" */,
				CDB578542F00363800B464DC /* XCRemoteSwiftPackageReference "SwiftLintPlugins" */,
			);
			preferredProjectObjectVersion = 77;
			productRefGroup = CDE8F2092EF61F7E00134692 /* Products */;
			projectDirPath = "";
			projectRoot = "";
			targets = (
				CDE8F2072EF61F7E00134692 /* NQueens */,
				CDE8F2152EF61F7F00134692 /* NQueensTests */,
				CDE8F21F2EF61F7F00134692 /* NQueensUITests */,
				CDE8F2402EF61F7F00134692 /* Periphery */,
				CDB577CC2F00306600B464DC /* SwiftFormat */,
			);
		};
/* End PBXProject section */

/* Begin PBXResourcesBuildPhase section */
		CDE8F2062EF61F7E00134692 /* Resources */ = {
			isa = PBXResourcesBuildPhase;
			buildActionMask = 2147483647;
			files = (
			);
			runOnlyForDeploymentPostprocessing = 0;
		};
		CDE8F2142EF61F7F00134692 /* Resources */ = {
			isa = PBXResourcesBuildPhase;
			buildActionMask = 2147483647;
			files = (
			);
			runOnlyForDeploymentPostprocessing = 0;
		};
		CDE8F21E2EF61F7F00134692 /* Resources */ = {
			isa = PBXResourcesBuildPhase;
			buildActionMask = 2147483647;
			files = (
			);
			runOnlyForDeploymentPostprocessing = 0;
		};
/* End PBXResourcesBuildPhase section */

/* Begin PBXShellScriptBuildPhase section */
		CDB577D02F00307000B464DC /* ShellScript */ = {
			isa = PBXShellScriptBuildPhase;
			alwaysOutOfDate = 1;
			buildActionMask = 2147483647;
			files = (
			);
			inputFileListPaths = (
			);
			inputPaths = (
				"$(SRCROOT)/**/*.swift",
			);
			outputFileListPaths = (
			);
			outputPaths = (
			);
			runOnlyForDeploymentPostprocessing = 0;
			shellPath = /bin/sh;
			shellScript = "\"${SRCROOT}/bin/SwiftFormat/swiftformat\" \"${SRCROOT}\" --config \"${SRCROOT}/.swiftformat\" --swiftversion 5 \n";
		};
		CDB578552F0036A800B464DC /* ShellScript */ = {
			isa = PBXShellScriptBuildPhase;
			alwaysOutOfDate = 1;
			buildActionMask = 2147483647;
			files = (
			);
			inputFileListPaths = (
			);
			inputPaths = (
				"${SRCROOT}/.swiftlint.yml",
			);
			outputFileListPaths = (
			);
			outputPaths = (
			);
			runOnlyForDeploymentPostprocessing = 0;
			shellPath = /bin/sh;
			shellScript = "SWIFT_PACKAGE_DIR=\"${BUILD_DIR%Build/*}SourcePackages/artifacts\"\nSWIFTLINT_CMD=\"$SWIFT_PACKAGE_DIR/swiftlintplugins/SwiftLintBinary/SwiftLintBinary.artifactbundle/macos/swiftlint\"\n\nif test -f \"$SWIFTLINT_CMD\" 2>&1\nthen\n    \"$SWIFTLINT_CMD\"\nelse\n    echo \"warning: `swiftlint` command not found - See https://github.com/realm/SwiftLint#xcode-run-script-build-phase for installation instructions.\"\nfi\n";
		};
		CDE8F2412EF61F7F00134692 /* Run Periphery */ = {
			isa = PBXShellScriptBuildPhase;
			alwaysOutOfDate = 1;
			buildActionMask = 2147483647;
			files = (
			);
			inputFileListPaths = (
			);
			inputPaths = (
			);
			name = "Run Periphery";
			outputFileListPaths = (
			);
			outputPaths = (
			);
			runOnlyForDeploymentPostprocessing = 0;
			shellPath = /bin/sh;
			shellScript = "\"${SRCROOT}/bin/periphery/periphery\" scan --skip-build\n";
		};
/* End PBXShellScriptBuildPhase section */

/* Begin PBXSourcesBuildPhase section */
		CDE8F2042EF61F7E00134692 /* Sources */ = {
			isa = PBXSourcesBuildPhase;
			buildActionMask = 2147483647;
			files = (
			);
			runOnlyForDeploymentPostprocessing = 0;
		};
		CDE8F2122EF61F7F00134692 /* Sources */ = {
			isa = PBXSourcesBuildPhase;
			buildActionMask = 2147483647;
			files = (
			);
			runOnlyForDeploymentPostprocessing = 0;
		};
		CDE8F21C2EF61F7F00134692 /* Sources */ = {
			isa = PBXSourcesBuildPhase;
			buildActionMask = 2147483647;
			files = (
			);
			runOnlyForDeploymentPostprocessing = 0;
		};
/* End PBXSourcesBuildPhase section */

/* Begin PBXTargetDependency section */
		CDE8F2182EF61F7F00134692 /* PBXTargetDependency */ = {
			isa = PBXTargetDependency;
			target = CDE8F2072EF61F7E00134692 /* NQueens */;
			targetProxy = CDE8F2172EF61F7F00134692 /* PBXContainerItemProxy */;
		};
		CDE8F2222EF61F7F00134692 /* PBXTargetDependency */ = {
			isa = PBXTargetDependency;
			target = CDE8F2072EF61F7E00134692 /* NQueens */;
			targetProxy = CDE8F2212EF61F7F00134692 /* PBXContainerItemProxy */;
		};
/* End PBXTargetDependency section */

/* Begin XCBuildConfiguration section */
		CDB577CE2F00306600B464DC /* Debug */ = {
			isa = XCBuildConfiguration;
			buildSettings = {
				CODE_SIGN_STYLE = Automatic;
				DEAD_CODE_STRIPPING = YES;
				ENABLE_USER_SCRIPT_SANDBOXING = NO;
				PRODUCT_NAME = "$(TARGET_NAME)";
			};
			name = Debug;
		};
		CDB577CF2F00306600B464DC /* Release */ = {
			isa = XCBuildConfiguration;
			buildSettings = {
				CODE_SIGN_STYLE = Automatic;
				DEAD_CODE_STRIPPING = YES;
				ENABLE_USER_SCRIPT_SANDBOXING = NO;
				PRODUCT_NAME = "$(TARGET_NAME)";
			};
			name = Release;
		};
		CDE8F2282EF61F7F00134692 /* Debug */ = {
			isa = XCBuildConfiguration;
			buildSettings = {
				ALWAYS_SEARCH_USER_PATHS = NO;
				ASSETCATALOG_COMPILER_GENERATE_SWIFT_ASSET_SYMBOL_EXTENSIONS = YES;
				CLANG_ANALYZER_LOCALIZABILITY_NONLOCALIZED = YES;
				CLANG_ANALYZER_NONNULL = YES;
				CLANG_ANALYZER_NUMBER_OBJECT_CONVERSION = YES_AGGRESSIVE;
				CLANG_CXX_LANGUAGE_STANDARD = "gnu++20";
				CLANG_ENABLE_MODULES = YES;
				CLANG_ENABLE_OBJC_ARC = YES;
				CLANG_ENABLE_OBJC_WEAK = YES;
				CLANG_WARN_BLOCK_CAPTURE_AUTORELEASING = YES;
				CLANG_WARN_BOOL_CONVERSION = YES;
				CLANG_WARN_COMMA = YES;
				CLANG_WARN_CONSTANT_CONVERSION = YES;
				CLANG_WARN_DEPRECATED_OBJC_IMPLEMENTATIONS = YES;
				CLANG_WARN_DIRECT_OBJC_ISA_USAGE = YES_ERROR;
				CLANG_WARN_DOCUMENTATION_COMMENTS = YES;
				CLANG_WARN_EMPTY_BODY = YES;
				CLANG_WARN_ENUM_CONVERSION = YES;
				CLANG_WARN_INFINITE_RECURSION = YES;
				CLANG_WARN_INT_CONVERSION = YES;
				CLANG_WARN_NON_LITERAL_NULL_CONVERSION = YES;
				CLANG_WARN_OBJC_IMPLICIT_RETAIN_SELF = YES;
				CLANG_WARN_OBJC_LITERAL_CONVERSION = YES;
				CLANG_WARN_OBJC_ROOT_CLASS = YES_ERROR;
				CLANG_WARN_QUOTED_INCLUDE_IN_FRAMEWORK_HEADER = YES;
				CLANG_WARN_RANGE_LOOP_ANALYSIS = YES;
				CLANG_WARN_STRICT_PROTOTYPES = YES;
				CLANG_WARN_SUSPICIOUS_MOVE = YES;
				CLANG_WARN_UNGUARDED_AVAILABILITY = YES_AGGRESSIVE;
				CLANG_WARN_UNREACHABLE_CODE = YES;
				CLANG_WARN__DUPLICATE_METHOD_MATCH = YES;
				COPY_PHASE_STRIP = NO;
				DEAD_CODE_STRIPPING = YES;
				DEBUG_INFORMATION_FORMAT = dwarf;
				ENABLE_STRICT_OBJC_MSGSEND = YES;
				ENABLE_TESTABILITY = YES;
				ENABLE_USER_SCRIPT_SANDBOXING = YES;
				GCC_C_LANGUAGE_STANDARD = gnu17;
				GCC_DYNAMIC_NO_PIC = NO;
				GCC_NO_COMMON_BLOCKS = YES;
				GCC_OPTIMIZATION_LEVEL = 0;
				GCC_PREPROCESSOR_DEFINITIONS = (
					"DEBUG=1",
					"$(inherited)",
				);
				GCC_WARN_64_TO_32_BIT_CONVERSION = YES;
				GCC_WARN_ABOUT_RETURN_TYPE = YES_ERROR;
				GCC_WARN_UNDECLARED_SELECTOR = YES;
				GCC_WARN_UNINITIALIZED_AUTOS = YES_AGGRESSIVE;
				GCC_WARN_UNUSED_FUNCTION = YES;
				GCC_WARN_UNUSED_VARIABLE = YES;
				LOCALIZATION_PREFERS_STRING_CATALOGS = YES;
				MTL_ENABLE_DEBUG_INFO = INCLUDE_SOURCE;
				MTL_FAST_MATH = YES;
				ONLY_ACTIVE_ARCH = YES;
				STRING_CATALOG_GENERATE_SYMBOLS = YES;
				SWIFT_ACTIVE_COMPILATION_CONDITIONS = "DEBUG $(inherited)";
				SWIFT_EMIT_LOC_STRINGS = YES;
				SWIFT_OPTIMIZATION_LEVEL = "-Onone";
			};
			name = Debug;
		};
		CDE8F2292EF61F7F00134692 /* Release */ = {
			isa = XCBuildConfiguration;
			buildSettings = {
				ALWAYS_SEARCH_USER_PATHS = NO;
				ASSETCATALOG_COMPILER_GENERATE_SWIFT_ASSET_SYMBOL_EXTENSIONS = YES;
				CLANG_ANALYZER_LOCALIZABILITY_NONLOCALIZED = YES;
				CLANG_ANALYZER_NONNULL = YES;
				CLANG_ANALYZER_NUMBER_OBJECT_CONVERSION = YES_AGGRESSIVE;
				CLANG_CXX_LANGUAGE_STANDARD = "gnu++20";
				CLANG_ENABLE_MODULES = YES;
				CLANG_ENABLE_OBJC_ARC = YES;
				CLANG_ENABLE_OBJC_WEAK = YES;
				CLANG_WARN_BLOCK_CAPTURE_AUTORELEASING = YES;
				CLANG_WARN_BOOL_CONVERSION = YES;
				CLANG_WARN_COMMA = YES;
				CLANG_WARN_CONSTANT_CONVERSION = YES;
				CLANG_WARN_DEPRECATED_OBJC_IMPLEMENTATIONS = YES;
				CLANG_WARN_DIRECT_OBJC_ISA_USAGE = YES_ERROR;
				CLANG_WARN_DOCUMENTATION_COMMENTS = YES;
				CLANG_WARN_EMPTY_BODY = YES;
				CLANG_WARN_ENUM_CONVERSION = YES;
				CLANG_WARN_INFINITE_RECURSION = YES;
				CLANG_WARN_INT_CONVERSION = YES;
				CLANG_WARN_NON_LITERAL_NULL_CONVERSION = YES;
				CLANG_WARN_OBJC_IMPLICIT_RETAIN_SELF = YES;
				CLANG_WARN_OBJC_LITERAL_CONVERSION = YES;
				CLANG_WARN_OBJC_ROOT_CLASS = YES_ERROR;
				CLANG_WARN_QUOTED_INCLUDE_IN_FRAMEWORK_HEADER = YES;
				CLANG_WARN_RANGE_LOOP_ANALYSIS = YES;
				CLANG_WARN_STRICT_PROTOTYPES = YES;
				CLANG_WARN_SUSPICIOUS_MOVE = YES;
				CLANG_WARN_UNGUARDED_AVAILABILITY = YES_AGGRESSIVE;
				CLANG_WARN_UNREACHABLE_CODE = YES;
				CLANG_WARN__DUPLICATE_METHOD_MATCH = YES;
				COPY_PHASE_STRIP = NO;
				DEAD_CODE_STRIPPING = YES;
				DEBUG_INFORMATION_FORMAT = "dwarf-with-dsym";
				ENABLE_NS_ASSERTIONS = NO;
				ENABLE_STRICT_OBJC_MSGSEND = YES;
				ENABLE_USER_SCRIPT_SANDBOXING = YES;
				GCC_C_LANGUAGE_STANDARD = gnu17;
				GCC_NO_COMMON_BLOCKS = YES;
				GCC_WARN_64_TO_32_BIT_CONVERSION = YES;
				GCC_WARN_ABOUT_RETURN_TYPE = YES_ERROR;
				GCC_WARN_UNDECLARED_SELECTOR = YES;
				GCC_WARN_UNINITIALIZED_AUTOS = YES_AGGRESSIVE;
				GCC_WARN_UNUSED_FUNCTION = YES;
				GCC_WARN_UNUSED_VARIABLE = YES;
				LOCALIZATION_PREFERS_STRING_CATALOGS = YES;
				MTL_ENABLE_DEBUG_INFO = NO;
				MTL_FAST_MATH = YES;
				STRING_CATALOG_GENERATE_SYMBOLS = YES;
				SWIFT_COMPILATION_MODE = wholemodule;
				SWIFT_EMIT_LOC_STRINGS = YES;
			};
			name = Release;
		};
		CDE8F22B2EF61F7F00134692 /* Debug */ = {
			isa = XCBuildConfiguration;
			buildSettings = {
				ASSETCATALOG_COMPILER_APPICON_NAME = AppIcon;
				ASSETCATALOG_COMPILER_GLOBAL_ACCENT_COLOR_NAME = AccentColor;
				CODE_SIGN_ENTITLEMENTS = NQueens/NQueens.entitlements;
				CODE_SIGN_STYLE = Automatic;
				CURRENT_PROJECT_VERSION = 1;
				DEAD_CODE_STRIPPING = YES;
				ENABLE_APP_SANDBOX = YES;
				ENABLE_PREVIEWS = YES;
				ENABLE_USER_SCRIPT_SANDBOXING = NO;
				ENABLE_USER_SELECTED_FILES = readonly;
				GENERATE_INFOPLIST_FILE = YES;
				"INFOPLIST_KEY_UIApplicationSceneManifest_Generation[sdk=iphoneos*]" = YES;
				"INFOPLIST_KEY_UIApplicationSceneManifest_Generation[sdk=iphonesimulator*]" = YES;
				"INFOPLIST_KEY_UIApplicationSupportsIndirectInputEvents[sdk=iphoneos*]" = YES;
				"INFOPLIST_KEY_UIApplicationSupportsIndirectInputEvents[sdk=iphonesimulator*]" = YES;
				"INFOPLIST_KEY_UILaunchScreen_Generation[sdk=iphoneos*]" = YES;
				"INFOPLIST_KEY_UILaunchScreen_Generation[sdk=iphonesimulator*]" = YES;
				"INFOPLIST_KEY_UIStatusBarStyle[sdk=iphoneos*]" = UIStatusBarStyleDefault;
				"INFOPLIST_KEY_UIStatusBarStyle[sdk=iphonesimulator*]" = UIStatusBarStyleDefault;
				INFOPLIST_KEY_UISupportedInterfaceOrientations_iPad = UIInterfaceOrientationPortrait;
				INFOPLIST_KEY_UISupportedInterfaceOrientations_iPhone = UIInterfaceOrientationPortrait;
				IPHONEOS_DEPLOYMENT_TARGET = 18.5;
				LD_RUNPATH_SEARCH_PATHS = "@executable_path/Frameworks";
				"LD_RUNPATH_SEARCH_PATHS[sdk=macosx*]" = "@executable_path/../Frameworks";
				MACOSX_DEPLOYMENT_TARGET = 15.5;
				MARKETING_VERSION = 1.0;
				PRODUCT_BUNDLE_IDENTIFIER = com.NQueens;
				PRODUCT_NAME = "$(TARGET_NAME)";
				REGISTER_APP_GROUPS = YES;
				SDKROOT = auto;
				SUPPORTED_PLATFORMS = "iphoneos iphonesimulator macosx xros xrsimulator";
				SWIFT_EMIT_LOC_STRINGS = YES;
				SWIFT_VERSION = 5.0;
				TARGETED_DEVICE_FAMILY = "1,2,7";
				XROS_DEPLOYMENT_TARGET = 2.5;
			};
			name = Debug;
		};
		CDE8F22C2EF61F7F00134692 /* Release */ = {
			isa = XCBuildConfiguration;
			buildSettings = {
				ASSETCATALOG_COMPILER_APPICON_NAME = AppIcon;
				ASSETCATALOG_COMPILER_GLOBAL_ACCENT_COLOR_NAME = AccentColor;
				CODE_SIGN_ENTITLEMENTS = NQueens/NQueens.entitlements;
				CODE_SIGN_STYLE = Automatic;
				CURRENT_PROJECT_VERSION = 1;
				DEAD_CODE_STRIPPING = YES;
				ENABLE_APP_SANDBOX = YES;
				ENABLE_PREVIEWS = YES;
				ENABLE_USER_SCRIPT_SANDBOXING = NO;
				ENABLE_USER_SELECTED_FILES = readonly;
				GENERATE_INFOPLIST_FILE = YES;
				"INFOPLIST_KEY_UIApplicationSceneManifest_Generation[sdk=iphoneos*]" = YES;
				"INFOPLIST_KEY_UIApplicationSceneManifest_Generation[sdk=iphonesimulator*]" = YES;
				"INFOPLIST_KEY_UIApplicationSupportsIndirectInputEvents[sdk=iphoneos*]" = YES;
				"INFOPLIST_KEY_UIApplicationSupportsIndirectInputEvents[sdk=iphonesimulator*]" = YES;
				"INFOPLIST_KEY_UILaunchScreen_Generation[sdk=iphoneos*]" = YES;
				"INFOPLIST_KEY_UILaunchScreen_Generation[sdk=iphonesimulator*]" = YES;
				"INFOPLIST_KEY_UIStatusBarStyle[sdk=iphoneos*]" = UIStatusBarStyleDefault;
				"INFOPLIST_KEY_UIStatusBarStyle[sdk=iphonesimulator*]" = UIStatusBarStyleDefault;
				INFOPLIST_KEY_UISupportedInterfaceOrientations_iPad = UIInterfaceOrientationPortrait;
				INFOPLIST_KEY_UISupportedInterfaceOrientations_iPhone = UIInterfaceOrientationPortrait;
				IPHONEOS_DEPLOYMENT_TARGET = 18.5;
				LD_RUNPATH_SEARCH_PATHS = "@executable_path/Frameworks";
				"LD_RUNPATH_SEARCH_PATHS[sdk=macosx*]" = "@executable_path/../Frameworks";
				MACOSX_DEPLOYMENT_TARGET = 15.5;
				MARKETING_VERSION = 1.0;
				PRODUCT_BUNDLE_IDENTIFIER = com.NQueens;
				PRODUCT_NAME = "$(TARGET_NAME)";
				REGISTER_APP_GROUPS = YES;
				SDKROOT = auto;
				SUPPORTED_PLATFORMS = "iphoneos iphonesimulator macosx xros xrsimulator";
				SWIFT_EMIT_LOC_STRINGS = YES;
				SWIFT_VERSION = 5.0;
				TARGETED_DEVICE_FAMILY = "1,2,7";
				XROS_DEPLOYMENT_TARGET = 2.5;
			};
			name = Release;
		};
		CDE8F22E2EF61F7F00134692 /* Debug */ = {
			isa = XCBuildConfiguration;
			buildSettings = {
				BUNDLE_LOADER = "$(TEST_HOST)";
				CODE_SIGN_STYLE = Automatic;
				CURRENT_PROJECT_VERSION = 1;
				DEAD_CODE_STRIPPING = YES;
				GENERATE_INFOPLIST_FILE = YES;
				IPHONEOS_DEPLOYMENT_TARGET = 18.5;
				MACOSX_DEPLOYMENT_TARGET = 15.5;
				MARKETING_VERSION = 1.0;
				PRODUCT_BUNDLE_IDENTIFIER = com.u.NQueensTests;
				PRODUCT_NAME = "$(TARGET_NAME)";
				SDKROOT = auto;
				SUPPORTED_PLATFORMS = "iphoneos iphonesimulator macosx xros xrsimulator";
				SWIFT_EMIT_LOC_STRINGS = NO;
				SWIFT_VERSION = 5.0;
				TARGETED_DEVICE_FAMILY = "1,2,7";
				TEST_HOST = "$(BUILT_PRODUCTS_DIR)/NQueens.app/$(BUNDLE_EXECUTABLE_FOLDER_PATH)/NQueens";
				XROS_DEPLOYMENT_TARGET = 2.5;
			};
			name = Debug;
		};
		CDE8F22F2EF61F7F00134692 /* Release */ = {
			isa = XCBuildConfiguration;
			buildSettings = {
				BUNDLE_LOADER = "$(TEST_HOST)";
				CODE_SIGN_STYLE = Automatic;
				CURRENT_PROJECT_VERSION = 1;
				DEAD_CODE_STRIPPING = YES;
				GENERATE_INFOPLIST_FILE = YES;
				IPHONEOS_DEPLOYMENT_TARGET = 18.5;
				MACOSX_DEPLOYMENT_TARGET = 15.5;
				MARKETING_VERSION = 1.0;
				PRODUCT_BUNDLE_IDENTIFIER = com.u.NQueensTests;
				PRODUCT_NAME = "$(TARGET_NAME)";
				SDKROOT = auto;
				SUPPORTED_PLATFORMS = "iphoneos iphonesimulator macosx xros xrsimulator";
				SWIFT_EMIT_LOC_STRINGS = NO;
				SWIFT_VERSION = 5.0;
				TARGETED_DEVICE_FAMILY = "1,2,7";
				TEST_HOST = "$(BUILT_PRODUCTS_DIR)/NQueens.app/$(BUNDLE_EXECUTABLE_FOLDER_PATH)/NQueens";
				XROS_DEPLOYMENT_TARGET = 2.5;
			};
			name = Release;
		};
		CDE8F2312EF61F7F00134692 /* Debug */ = {
			isa = XCBuildConfiguration;
			buildSettings = {
				CODE_SIGN_STYLE = Automatic;
				CURRENT_PROJECT_VERSION = 1;
				DEAD_CODE_STRIPPING = YES;
				GENERATE_INFOPLIST_FILE = YES;
				IPHONEOS_DEPLOYMENT_TARGET = 18.5;
				MACOSX_DEPLOYMENT_TARGET = 15.5;
				MARKETING_VERSION = 1.0;
				PRODUCT_BUNDLE_IDENTIFIER = com.u.NQueensUITests;
				PRODUCT_NAME = "$(TARGET_NAME)";
				SDKROOT = auto;
				SUPPORTED_PLATFORMS = "iphoneos iphonesimulator macosx xros xrsimulator";
				SWIFT_EMIT_LOC_STRINGS = NO;
				SWIFT_VERSION = 5.0;
				TARGETED_DEVICE_FAMILY = "1,2,7";
				TEST_TARGET_NAME = NQueens;
				XROS_DEPLOYMENT_TARGET = 2.5;
			};
			name = Debug;
		};
		CDE8F2322EF61F7F00134692 /* Release */ = {
			isa = XCBuildConfiguration;
			buildSettings = {
				CODE_SIGN_STYLE = Automatic;
				CURRENT_PROJECT_VERSION = 1;
				DEAD_CODE_STRIPPING = YES;
				GENERATE_INFOPLIST_FILE = YES;
				IPHONEOS_DEPLOYMENT_TARGET = 18.5;
				MACOSX_DEPLOYMENT_TARGET = 15.5;
				MARKETING_VERSION = 1.0;
				PRODUCT_BUNDLE_IDENTIFIER = com.u.NQueensUITests;
				PRODUCT_NAME = "$(TARGET_NAME)";
				SDKROOT = auto;
				SUPPORTED_PLATFORMS = "iphoneos iphonesimulator macosx xros xrsimulator";
				SWIFT_EMIT_LOC_STRINGS = NO;
				SWIFT_VERSION = 5.0;
				TARGETED_DEVICE_FAMILY = "1,2,7";
				TEST_TARGET_NAME = NQueens;
				XROS_DEPLOYMENT_TARGET = 2.5;
			};
			name = Release;
		};
		CDE8F2432EF61F7F00134692 /* Debug */ = {
			isa = XCBuildConfiguration;
			buildSettings = {
				CODE_SIGN_STYLE = Automatic;
				DEAD_CODE_STRIPPING = YES;
				ENABLE_USER_SCRIPT_SANDBOXING = NO;
				PRODUCT_NAME = "$(TARGET_NAME)";
			};
			name = Debug;
		};
		CDE8F2442EF61F7F00134692 /* Release */ = {
			isa = XCBuildConfiguration;
			buildSettings = {
				CODE_SIGN_STYLE = Automatic;
				DEAD_CODE_STRIPPING = YES;
				ENABLE_USER_SCRIPT_SANDBOXING = NO;
				PRODUCT_NAME = "$(TARGET_NAME)";
			};
			name = Release;
		};
/* End XCBuildConfiguration section */

/* Begin XCConfigurationList section */
		CDB577CD2F00306600B464DC /* Build configuration list for PBXAggregateTarget "SwiftFormat" */ = {
			isa = XCConfigurationList;
			buildConfigurations = (
				CDB577CE2F00306600B464DC /* Debug */,
				CDB577CF2F00306600B464DC /* Release */,
			);
			defaultConfigurationIsVisible = 0;
			defaultConfigurationName = Release;
		};
		CDE8F2032EF61F7E00134692 /* Build configuration list for PBXProject "NQueens" */ = {
			isa = XCConfigurationList;
			buildConfigurations = (
				CDE8F2282EF61F7F00134692 /* Debug */,
				CDE8F2292EF61F7F00134692 /* Release */,
			);
			defaultConfigurationIsVisible = 0;
			defaultConfigurationName = Release;
		};
		CDE8F22A2EF61F7F00134692 /* Build configuration list for PBXNativeTarget "NQueens" */ = {
			isa = XCConfigurationList;
			buildConfigurations = (
				CDE8F22B2EF61F7F00134692 /* Debug */,
				CDE8F22C2EF61F7F00134692 /* Release */,
			);
			defaultConfigurationIsVisible = 0;
			defaultConfigurationName = Release;
		};
		CDE8F22D2EF61F7F00134692 /* Build configuration list for PBXNativeTarget "NQueensTests" */ = {
			isa = XCConfigurationList;
			buildConfigurations = (
				CDE8F22E2EF61F7F00134692 /* Debug */,
				CDE8F22F2EF61F7F00134692 /* Release */,
			);
			defaultConfigurationIsVisible = 0;
			defaultConfigurationName = Release;
		};
		CDE8F2302EF61F7F00134692 /* Build configuration list for PBXNativeTarget "NQueensUITests" */ = {
			isa = XCConfigurationList;
			buildConfigurations = (
				CDE8F2312EF61F7F00134692 /* Debug */,
				CDE8F2322EF61F7F00134692 /* Release */,
			);
			defaultConfigurationIsVisible = 0;
			defaultConfigurationName = Release;
		};
		CDE8F2422EF61F7F00134692 /* Build configuration list for PBXAggregateTarget "Periphery" */ = {
			isa = XCConfigurationList;
			buildConfigurations = (
				CDE8F2432EF61F7F00134692 /* Debug */,
				CDE8F2442EF61F7F00134692 /* Release */,
			);
			defaultConfigurationIsVisible = 0;
			defaultConfigurationName = Release;
		};
/* End XCConfigurationList section */

/* Begin XCRemoteSwiftPackageReference section */
		CDB578542F00363800B464DC /* XCRemoteSwiftPackageReference "SwiftLintPlugins" */ = {
			isa = XCRemoteSwiftPackageReference;
			repositoryURL = "https://github.com/SimplyDanny/SwiftLintPlugins";
			requirement = {
				kind = upToNextMajorVersion;
				minimumVersion = 0.62.2;
			};
		};
		CDE8F2332EF61F7F00134692 /* XCRemoteSwiftPackageReference "lottie-ios" */ = {
			isa = XCRemoteSwiftPackageReference;
			repositoryURL = "https://github.com/airbnb/lottie-ios.git";
			requirement = {
				kind = upToNextMajorVersion;
				minimumVersion = 4.4.0;
			};
		};
		EB767CECDB0B47F58A3BA962 /* XCRemoteSwiftPackageReference "swift-snapshot-testing" */ = {
			isa = XCRemoteSwiftPackageReference;
			repositoryURL = "https://github.com/pointfreeco/swift-snapshot-testing.git";
			requirement = {
				kind = upToNextMajorVersion;
				minimumVersion = 1.12.0;
			};
		};
/* End XCRemoteSwiftPackageReference section */

/* Begin XCSwiftPackageProductDependency section */
		CDE8F2342EF61F7F00134692 /* Lottie */ = {
			isa = XCSwiftPackageProductDependency;
			package = CDE8F2332EF61F7F00134692 /* XCRemoteSwiftPackageReference "lottie-ios" */;
			productName = Lottie;
		};
		EB767CEDDB0B47F58A3BA963 /* SnapshotTesting */ = {
			isa = XCSwiftPackageProductDependency;
			package = EB767CECDB0B47F58A3BA962 /* XCRemoteSwiftPackageReference "swift-snapshot-testing" */;
			productName = SnapshotTesting;
		};
/* End XCSwiftPackageProductDependency section */
	};
	rootObject = CDE8F2002EF61F7E00134692 /* Project object */;
}
